// !$*UTF8*$!
{
	archiveVersion = 1;
	classes = {
	};
	objectVersion = 55;
	objects = {

/* Begin PBXBuildFile section */
		9C4C1B4E27EA3243002540A0 /* AppDelegate.swift in Sources */ = {isa = PBXBuildFile; fileRef = 9C4C1B4D27EA3243002540A0 /* AppDelegate.swift */; };
		9C4C1B5027EA3243002540A0 /* SceneDelegate.swift in Sources */ = {isa = PBXBuildFile; fileRef = 9C4C1B4F27EA3243002540A0 /* SceneDelegate.swift */; };
		9C4C1B5527EA3243002540A0 /* Main.storyboard in Resources */ = {isa = PBXBuildFile; fileRef = 9C4C1B5327EA3243002540A0 /* Main.storyboard */; };
		9C4C1B5727EA3246002540A0 /* Assets.xcassets in Resources */ = {isa = PBXBuildFile; fileRef = 9C4C1B5627EA3246002540A0 /* Assets.xcassets */; };
		9C4C1B5A27EA3246002540A0 /* LaunchScreen.storyboard in Resources */ = {isa = PBXBuildFile; fileRef = 9C4C1B5827EA3246002540A0 /* LaunchScreen.storyboard */; };
		9C4C1B6727EA3FBE002540A0 /* CalendarControlCell.swift in Sources */ = {isa = PBXBuildFile; fileRef = 9C4C1B6527EA3FBE002540A0 /* CalendarControlCell.swift */; };
		9C4C1B6827EA3FBE002540A0 /* CalendarControlCell.xib in Resources */ = {isa = PBXBuildFile; fileRef = 9C4C1B6627EA3FBE002540A0 /* CalendarControlCell.xib */; };
		9C4C1B6E27EA4019002540A0 /* CalendarContentCell.swift in Sources */ = {isa = PBXBuildFile; fileRef = 9C4C1B6C27EA4019002540A0 /* CalendarContentCell.swift */; };
		9C4C1B6F27EA4019002540A0 /* CalendarContentCell.xib in Resources */ = {isa = PBXBuildFile; fileRef = 9C4C1B6D27EA4019002540A0 /* CalendarContentCell.xib */; };
		9C4C1B7427EA41DA002540A0 /* CalendarDayCell.swift in Sources */ = {isa = PBXBuildFile; fileRef = 9C4C1B7227EA41DA002540A0 /* CalendarDayCell.swift */; };
		9C4C1B7527EA41DA002540A0 /* CalendarDayCell.xib in Resources */ = {isa = PBXBuildFile; fileRef = 9C4C1B7327EA41DA002540A0 /* CalendarDayCell.xib */; };
		9C4C1B7827EA43E9002540A0 /* CalendarViewController.swift in Sources */ = {isa = PBXBuildFile; fileRef = 9C4C1B7727EA43E9002540A0 /* CalendarViewController.swift */; };
		9C4C1B7B27EA451E002540A0 /* TableViewDataSource.swift in Sources */ = {isa = PBXBuildFile; fileRef = 9C4C1B7A27EA451E002540A0 /* TableViewDataSource.swift */; };
		9C4C1B7D27EA456F002540A0 /* CollectionViewDataSource.swift in Sources */ = {isa = PBXBuildFile; fileRef = 9C4C1B7C27EA456F002540A0 /* CollectionViewDataSource.swift */; };
		9C4C1B8427EA485E002540A0 /* CalendarTimeCell.swift in Sources */ = {isa = PBXBuildFile; fileRef = 9C4C1B8227EA485E002540A0 /* CalendarTimeCell.swift */; };
		9C4C1B8527EA485E002540A0 /* CalendarTimeCell.xib in Resources */ = {isa = PBXBuildFile; fileRef = 9C4C1B8327EA485E002540A0 /* CalendarTimeCell.xib */; };
		9C4C1B8727EA4C4F002540A0 /* CalendarViewModel.swift in Sources */ = {isa = PBXBuildFile; fileRef = 9C4C1B8627EA4C4F002540A0 /* CalendarViewModel.swift */; };
		9C4C1B8B27EA4D36002540A0 /* Ext+Date.swift in Sources */ = {isa = PBXBuildFile; fileRef = 9C4C1B8A27EA4D36002540A0 /* Ext+Date.swift */; };
		9C4C1B8D27EAA9D3002540A0 /* CalendarDataManager.swift in Sources */ = {isa = PBXBuildFile; fileRef = 9C4C1B8C27EAA9D3002540A0 /* CalendarDataManager.swift */; };
		9C4C1B9027EACAA5002540A0 /* UICollectionViewLayout.swift in Sources */ = {isa = PBXBuildFile; fileRef = 9C4C1B8F27EACAA5002540A0 /* UICollectionViewLayout.swift */; };
		9C4C1B9227EAD37C002540A0 /* Schedule.swift in Sources */ = {isa = PBXBuildFile; fileRef = 9C4C1B9127EAD37C002540A0 /* Schedule.swift */; };
		9C4C1B9427EAD4D8002540A0 /* TimeRange.swift in Sources */ = {isa = PBXBuildFile; fileRef = 9C4C1B9327EAD4D8002540A0 /* TimeRange.swift */; };
		9C4C1BAB27EAD70B002540A0 /* FormatParameterEncoder.swift in Sources */ = {isa = PBXBuildFile; fileRef = 9C4C1B9927EAD70B002540A0 /* FormatParameterEncoder.swift */; };
		9C4C1BAC27EAD70B002540A0 /* ParameterEncoding.swift in Sources */ = {isa = PBXBuildFile; fileRef = 9C4C1B9A27EAD70B002540A0 /* ParameterEncoding.swift */; };
		9C4C1BAD27EAD70B002540A0 /* URLParameterEncoder.swift in Sources */ = {isa = PBXBuildFile; fileRef = 9C4C1B9B27EAD70B002540A0 /* URLParameterEncoder.swift */; };
		9C4C1BAE27EAD70B002540A0 /* JSONParameterEncoder.swift in Sources */ = {isa = PBXBuildFile; fileRef = 9C4C1B9C27EAD70B002540A0 /* JSONParameterEncoder.swift */; };
		9C4C1BAF27EAD70B002540A0 /* Ext+Codable.swift in Sources */ = {isa = PBXBuildFile; fileRef = 9C4C1B9D27EAD70B002540A0 /* Ext+Codable.swift */; };
		9C4C1BB027EAD70B002540A0 /* Network.swift in Sources */ = {isa = PBXBuildFile; fileRef = 9C4C1B9F27EAD70B002540A0 /* Network.swift */; };
		9C4C1BB127EAD70B002540A0 /* RestManager.swift in Sources */ = {isa = PBXBuildFile; fileRef = 9C4C1BA027EAD70B002540A0 /* RestManager.swift */; };
		9C4C1BB227EAD70B002540A0 /* DemoEndPoint.swift in Sources */ = {isa = PBXBuildFile; fileRef = 9C4C1BA227EAD70B002540A0 /* DemoEndPoint.swift */; };
		9C4C1BB327EAD70B002540A0 /* APIConfig.swift in Sources */ = {isa = PBXBuildFile; fileRef = 9C4C1BA327EAD70B002540A0 /* APIConfig.swift */; };
		9C4C1BB427EAD70B002540A0 /* NetworkRouter.swift in Sources */ = {isa = PBXBuildFile; fileRef = 9C4C1BA527EAD70B002540A0 /* NetworkRouter.swift */; };
		9C4C1BB527EAD70B002540A0 /* HttpTask.swift in Sources */ = {isa = PBXBuildFile; fileRef = 9C4C1BA627EAD70B002540A0 /* HttpTask.swift */; };
		9C4C1BB627EAD70B002540A0 /* HTTPMethod.swift in Sources */ = {isa = PBXBuildFile; fileRef = 9C4C1BA727EAD70B002540A0 /* HTTPMethod.swift */; };
		9C4C1BB727EAD70B002540A0 /* Router.swift in Sources */ = {isa = PBXBuildFile; fileRef = 9C4C1BA827EAD70B002540A0 /* Router.swift */; };
		9C4C1BB827EAD70B002540A0 /* EndPointType.swift in Sources */ = {isa = PBXBuildFile; fileRef = 9C4C1BA927EAD70B002540A0 /* EndPointType.swift */; };
		9C4C1BB927EAD70B002540A0 /* SessionDelegate.swift in Sources */ = {isa = PBXBuildFile; fileRef = 9C4C1BAA27EAD70B002540A0 /* SessionDelegate.swift */; };
		9C4C1BBB27EAEBE8002540A0 /* Ext+String.swift in Sources */ = {isa = PBXBuildFile; fileRef = 9C4C1BBA27EAEBE8002540A0 /* Ext+String.swift */; };
		9C4C1BBD27EAF52A002540A0 /* CalendarTimeViewModel.swift in Sources */ = {isa = PBXBuildFile; fileRef = 9C4C1BBC27EAF52A002540A0 /* CalendarTimeViewModel.swift */; };
/* End PBXBuildFile section */

/* Begin PBXFileReference section */
		9C4C1B4A27EA3243002540A0 /* amazingtalker_paul.app */ = {isa = PBXFileReference; explicitFileType = wrapper.application; includeInIndex = 0; path = amazingtalker_paul.app; sourceTree = BUILT_PRODUCTS_DIR; };
		9C4C1B4D27EA3243002540A0 /* AppDelegate.swift */ = {isa = PBXFileReference; lastKnownFileType = sourcecode.swift; path = AppDelegate.swift; sourceTree = "<group>"; };
		9C4C1B4F27EA3243002540A0 /* SceneDelegate.swift */ = {isa = PBXFileReference; lastKnownFileType = sourcecode.swift; path = SceneDelegate.swift; sourceTree = "<group>"; };
		9C4C1B5427EA3243002540A0 /* Base */ = {isa = PBXFileReference; lastKnownFileType = file.storyboard; name = Base; path = Base.lproj/Main.storyboard; sourceTree = "<group>"; };
		9C4C1B5627EA3246002540A0 /* Assets.xcassets */ = {isa = PBXFileReference; lastKnownFileType = folder.assetcatalog; path = Assets.xcassets; sourceTree = "<group>"; };
		9C4C1B5927EA3246002540A0 /* Base */ = {isa = PBXFileReference; lastKnownFileType = file.storyboard; name = Base; path = Base.lproj/LaunchScreen.storyboard; sourceTree = "<group>"; };
		9C4C1B5B27EA3246002540A0 /* Info.plist */ = {isa = PBXFileReference; lastKnownFileType = text.plist.xml; path = Info.plist; sourceTree = "<group>"; };
		9C4C1B6527EA3FBE002540A0 /* CalendarControlCell.swift */ = {isa = PBXFileReference; lastKnownFileType = sourcecode.swift; path = CalendarControlCell.swift; sourceTree = "<group>"; };
		9C4C1B6627EA3FBE002540A0 /* CalendarControlCell.xib */ = {isa = PBXFileReference; lastKnownFileType = file.xib; path = CalendarControlCell.xib; sourceTree = "<group>"; };
		9C4C1B6C27EA4019002540A0 /* CalendarContentCell.swift */ = {isa = PBXFileReference; lastKnownFileType = sourcecode.swift; path = CalendarContentCell.swift; sourceTree = "<group>"; };
		9C4C1B6D27EA4019002540A0 /* CalendarContentCell.xib */ = {isa = PBXFileReference; lastKnownFileType = file.xib; path = CalendarContentCell.xib; sourceTree = "<group>"; };
		9C4C1B7227EA41DA002540A0 /* CalendarDayCell.swift */ = {isa = PBXFileReference; lastKnownFileType = sourcecode.swift; path = CalendarDayCell.swift; sourceTree = "<group>"; };
		9C4C1B7327EA41DA002540A0 /* CalendarDayCell.xib */ = {isa = PBXFileReference; lastKnownFileType = file.xib; path = CalendarDayCell.xib; sourceTree = "<group>"; };
		9C4C1B7727EA43E9002540A0 /* CalendarViewController.swift */ = {isa = PBXFileReference; lastKnownFileType = sourcecode.swift; path = CalendarViewController.swift; sourceTree = "<group>"; };
		9C4C1B7A27EA451E002540A0 /* TableViewDataSource.swift */ = {isa = PBXFileReference; lastKnownFileType = sourcecode.swift; path = TableViewDataSource.swift; sourceTree = "<group>"; };
		9C4C1B7C27EA456F002540A0 /* CollectionViewDataSource.swift */ = {isa = PBXFileReference; lastKnownFileType = sourcecode.swift; path = CollectionViewDataSource.swift; sourceTree = "<group>"; };
		9C4C1B8227EA485E002540A0 /* CalendarTimeCell.swift */ = {isa = PBXFileReference; lastKnownFileType = sourcecode.swift; path = CalendarTimeCell.swift; sourceTree = "<group>"; };
		9C4C1B8327EA485E002540A0 /* CalendarTimeCell.xib */ = {isa = PBXFileReference; lastKnownFileType = file.xib; path = CalendarTimeCell.xib; sourceTree = "<group>"; };
		9C4C1B8627EA4C4F002540A0 /* CalendarViewModel.swift */ = {isa = PBXFileReference; lastKnownFileType = sourcecode.swift; path = CalendarViewModel.swift; sourceTree = "<group>"; };
		9C4C1B8A27EA4D36002540A0 /* Ext+Date.swift */ = {isa = PBXFileReference; lastKnownFileType = sourcecode.swift; path = "Ext+Date.swift"; sourceTree = "<group>"; };
		9C4C1B8C27EAA9D3002540A0 /* CalendarDataManager.swift */ = {isa = PBXFileReference; lastKnownFileType = sourcecode.swift; path = CalendarDataManager.swift; sourceTree = "<group>"; };
		9C4C1B8F27EACAA5002540A0 /* UICollectionViewLayout.swift */ = {isa = PBXFileReference; lastKnownFileType = sourcecode.swift; path = UICollectionViewLayout.swift; sourceTree = "<group>"; };
		9C4C1B9127EAD37C002540A0 /* Schedule.swift */ = {isa = PBXFileReference; lastKnownFileType = sourcecode.swift; path = Schedule.swift; sourceTree = "<group>"; };
		9C4C1B9327EAD4D8002540A0 /* TimeRange.swift */ = {isa = PBXFileReference; lastKnownFileType = sourcecode.swift; path = TimeRange.swift; sourceTree = "<group>"; };
		9C4C1B9927EAD70B002540A0 /* FormatParameterEncoder.swift */ = {isa = PBXFileReference; fileEncoding = 4; lastKnownFileType = sourcecode.swift; path = FormatParameterEncoder.swift; sourceTree = "<group>"; };
		9C4C1B9A27EAD70B002540A0 /* ParameterEncoding.swift */ = {isa = PBXFileReference; fileEncoding = 4; lastKnownFileType = sourcecode.swift; path = ParameterEncoding.swift; sourceTree = "<group>"; };
		9C4C1B9B27EAD70B002540A0 /* URLParameterEncoder.swift */ = {isa = PBXFileReference; fileEncoding = 4; lastKnownFileType = sourcecode.swift; path = URLParameterEncoder.swift; sourceTree = "<group>"; };
		9C4C1B9C27EAD70B002540A0 /* JSONParameterEncoder.swift */ = {isa = PBXFileReference; fileEncoding = 4; lastKnownFileType = sourcecode.swift; path = JSONParameterEncoder.swift; sourceTree = "<group>"; };
		9C4C1B9D27EAD70B002540A0 /* Ext+Codable.swift */ = {isa = PBXFileReference; fileEncoding = 4; lastKnownFileType = sourcecode.swift; path = "Ext+Codable.swift"; sourceTree = "<group>"; };
		9C4C1B9F27EAD70B002540A0 /* Network.swift */ = {isa = PBXFileReference; fileEncoding = 4; lastKnownFileType = sourcecode.swift; path = Network.swift; sourceTree = "<group>"; };
		9C4C1BA027EAD70B002540A0 /* RestManager.swift */ = {isa = PBXFileReference; fileEncoding = 4; lastKnownFileType = sourcecode.swift; path = RestManager.swift; sourceTree = "<group>"; };
		9C4C1BA227EAD70B002540A0 /* DemoEndPoint.swift */ = {isa = PBXFileReference; fileEncoding = 4; lastKnownFileType = sourcecode.swift; path = DemoEndPoint.swift; sourceTree = "<group>"; };
		9C4C1BA327EAD70B002540A0 /* APIConfig.swift */ = {isa = PBXFileReference; fileEncoding = 4; lastKnownFileType = sourcecode.swift; path = APIConfig.swift; sourceTree = "<group>"; };
		9C4C1BA527EAD70B002540A0 /* NetworkRouter.swift */ = {isa = PBXFileReference; fileEncoding = 4; lastKnownFileType = sourcecode.swift; path = NetworkRouter.swift; sourceTree = "<group>"; };
		9C4C1BA627EAD70B002540A0 /* HttpTask.swift */ = {isa = PBXFileReference; fileEncoding = 4; lastKnownFileType = sourcecode.swift; path = HttpTask.swift; sourceTree = "<group>"; };
		9C4C1BA727EAD70B002540A0 /* HTTPMethod.swift */ = {isa = PBXFileReference; fileEncoding = 4; lastKnownFileType = sourcecode.swift; path = HTTPMethod.swift; sourceTree = "<group>"; };
		9C4C1BA827EAD70B002540A0 /* Router.swift */ = {isa = PBXFileReference; fileEncoding = 4; lastKnownFileType = sourcecode.swift; path = Router.swift; sourceTree = "<group>"; };
		9C4C1BA927EAD70B002540A0 /* EndPointType.swift */ = {isa = PBXFileReference; fileEncoding = 4; lastKnownFileType = sourcecode.swift; path = EndPointType.swift; sourceTree = "<group>"; };
		9C4C1BAA27EAD70B002540A0 /* SessionDelegate.swift */ = {isa = PBXFileReference; fileEncoding = 4; lastKnownFileType = sourcecode.swift; path = SessionDelegate.swift; sourceTree = "<group>"; };
		9C4C1BBA27EAEBE8002540A0 /* Ext+String.swift */ = {isa = PBXFileReference; lastKnownFileType = sourcecode.swift; path = "Ext+String.swift"; sourceTree = "<group>"; };
		9C4C1BBC27EAF52A002540A0 /* CalendarTimeViewModel.swift */ = {isa = PBXFileReference; lastKnownFileType = sourcecode.swift; path = CalendarTimeViewModel.swift; sourceTree = "<group>"; };
/* End PBXFileReference section */

/* Begin PBXFrameworksBuildPhase section */
		9C4C1B4727EA3243002540A0 /* Frameworks */ = {
			isa = PBXFrameworksBuildPhase;
			buildActionMask = 2147483647;
			files = (
			);
			runOnlyForDeploymentPostprocessing = 0;
		};
/* End PBXFrameworksBuildPhase section */

/* Begin PBXGroup section */
		9C4C1B4127EA3243002540A0 = {
			isa = PBXGroup;
			children = (
				9C4C1B4C27EA3243002540A0 /* amazingtalker_paul */,
				9C4C1B4B27EA3243002540A0 /* Products */,
			);
			sourceTree = "<group>";
		};
		9C4C1B4B27EA3243002540A0 /* Products */ = {
			isa = PBXGroup;
			children = (
				9C4C1B4A27EA3243002540A0 /* amazingtalker_paul.app */,
			);
			name = Products;
			sourceTree = "<group>";
		};
		9C4C1B4C27EA3243002540A0 /* amazingtalker_paul */ = {
			isa = PBXGroup;
			children = (
				9C4C1B9727EAD70B002540A0 /* Networking */,
				9C4C1B8E27EAB1E9002540A0 /* Managers */,
				9C4C1B8927EA4D0E002540A0 /* Extensions */,
				9C4C1B8827EA4C8F002540A0 /* Models */,
				9C4C1B7927EA4484002540A0 /* ViewModels */,
				9C4C1B7627EA43C3002540A0 /* Controllers */,
				9C4C1B6927EA3FD3002540A0 /* Views */,
				9C4C1B4D27EA3243002540A0 /* AppDelegate.swift */,
				9C4C1B4F27EA3243002540A0 /* SceneDelegate.swift */,
				9C4C1B5327EA3243002540A0 /* Main.storyboard */,
				9C4C1B5627EA3246002540A0 /* Assets.xcassets */,
				9C4C1B5827EA3246002540A0 /* LaunchScreen.storyboard */,
				9C4C1B5B27EA3246002540A0 /* Info.plist */,
			);
			path = amazingtalker_paul;
			sourceTree = "<group>";
		};
		9C4C1B6927EA3FD3002540A0 /* Views */ = {
			isa = PBXGroup;
			children = (
				9C4C1B6527EA3FBE002540A0 /* CalendarControlCell.swift */,
				9C4C1B6627EA3FBE002540A0 /* CalendarControlCell.xib */,
				9C4C1B6C27EA4019002540A0 /* CalendarContentCell.swift */,
				9C4C1B6D27EA4019002540A0 /* CalendarContentCell.xib */,
				9C4C1B7227EA41DA002540A0 /* CalendarDayCell.swift */,
				9C4C1B7327EA41DA002540A0 /* CalendarDayCell.xib */,
				9C4C1B8227EA485E002540A0 /* CalendarTimeCell.swift */,
				9C4C1B8327EA485E002540A0 /* CalendarTimeCell.xib */,
				9C4C1B8F27EACAA5002540A0 /* UICollectionViewLayout.swift */,
			);
			path = Views;
			sourceTree = "<group>";
		};
		9C4C1B7627EA43C3002540A0 /* Controllers */ = {
			isa = PBXGroup;
			children = (
				9C4C1B7727EA43E9002540A0 /* CalendarViewController.swift */,
			);
			path = Controllers;
			sourceTree = "<group>";
		};
		9C4C1B7927EA4484002540A0 /* ViewModels */ = {
			isa = PBXGroup;
			children = (
				9C4C1B7A27EA451E002540A0 /* TableViewDataSource.swift */,
				9C4C1B7C27EA456F002540A0 /* CollectionViewDataSource.swift */,
				9C4C1B8627EA4C4F002540A0 /* CalendarViewModel.swift */,
				9C4C1BBC27EAF52A002540A0 /* CalendarTimeViewModel.swift */,
			);
			path = ViewModels;
			sourceTree = "<group>";
		};
		9C4C1B8827EA4C8F002540A0 /* Models */ = {
			isa = PBXGroup;
			children = (
				9C4C1B9127EAD37C002540A0 /* Schedule.swift */,
				9C4C1B9327EAD4D8002540A0 /* TimeRange.swift */,
			);
			path = Models;
			sourceTree = "<group>";
		};
		9C4C1B8927EA4D0E002540A0 /* Extensions */ = {
			isa = PBXGroup;
			children = (
				9C4C1B8A27EA4D36002540A0 /* Ext+Date.swift */,
				9C4C1BBA27EAEBE8002540A0 /* Ext+String.swift */,
			);
			path = Extensions;
			sourceTree = "<group>";
		};
		9C4C1B8E27EAB1E9002540A0 /* Managers */ = {
			isa = PBXGroup;
			children = (
				9C4C1B8C27EAA9D3002540A0 /* CalendarDataManager.swift */,
			);
			path = Managers;
			sourceTree = "<group>";
		};
		9C4C1B9727EAD70B002540A0 /* Networking */ = {
			isa = PBXGroup;
			children = (
				9C4C1B9827EAD70B002540A0 /* Encoding */,
				9C4C1B9E27EAD70B002540A0 /* Manager */,
				9C4C1BA127EAD70B002540A0 /* EndPoint */,
				9C4C1BA427EAD70B002540A0 /* Service */,
			);
			path = Networking;
			sourceTree = "<group>";
		};
		9C4C1B9827EAD70B002540A0 /* Encoding */ = {
			isa = PBXGroup;
			children = (
				9C4C1B9927EAD70B002540A0 /* FormatParameterEncoder.swift */,
				9C4C1B9A27EAD70B002540A0 /* ParameterEncoding.swift */,
				9C4C1B9B27EAD70B002540A0 /* URLParameterEncoder.swift */,
				9C4C1B9C27EAD70B002540A0 /* JSONParameterEncoder.swift */,
				9C4C1B9D27EAD70B002540A0 /* Ext+Codable.swift */,
			);
			path = Encoding;
			sourceTree = "<group>";
		};
		9C4C1B9E27EAD70B002540A0 /* Manager */ = {
			isa = PBXGroup;
			children = (
				9C4C1B9F27EAD70B002540A0 /* Network.swift */,
				9C4C1BA027EAD70B002540A0 /* RestManager.swift */,
			);
			path = Manager;
			sourceTree = "<group>";
		};
		9C4C1BA127EAD70B002540A0 /* EndPoint */ = {
			isa = PBXGroup;
			children = (
				9C4C1BA227EAD70B002540A0 /* DemoEndPoint.swift */,
				9C4C1BA327EAD70B002540A0 /* APIConfig.swift */,
			);
			path = EndPoint;
			sourceTree = "<group>";
		};
		9C4C1BA427EAD70B002540A0 /* Service */ = {
			isa = PBXGroup;
			children = (
				9C4C1BA527EAD70B002540A0 /* NetworkRouter.swift */,
				9C4C1BA627EAD70B002540A0 /* HttpTask.swift */,
				9C4C1BA727EAD70B002540A0 /* HTTPMethod.swift */,
				9C4C1BA827EAD70B002540A0 /* Router.swift */,
				9C4C1BA927EAD70B002540A0 /* EndPointType.swift */,
				9C4C1BAA27EAD70B002540A0 /* SessionDelegate.swift */,
			);
			path = Service;
			sourceTree = "<group>";
		};
/* End PBXGroup section */

/* Begin PBXNativeTarget section */
		9C4C1B4927EA3243002540A0 /* amazingtalker_paul */ = {
			isa = PBXNativeTarget;
			buildConfigurationList = 9C4C1B5E27EA3246002540A0 /* Build configuration list for PBXNativeTarget "amazingtalker_paul" */;
			buildPhases = (
				9C4C1B4627EA3243002540A0 /* Sources */,
				9C4C1B4727EA3243002540A0 /* Frameworks */,
				9C4C1B4827EA3243002540A0 /* Resources */,
			);
			buildRules = (
			);
			dependencies = (
			);
			name = amazingtalker_paul;
			productName = amazingtalker_paul;
			productReference = 9C4C1B4A27EA3243002540A0 /* amazingtalker_paul.app */;
			productType = "com.apple.product-type.application";
		};
/* End PBXNativeTarget section */

/* Begin PBXProject section */
		9C4C1B4227EA3243002540A0 /* Project object */ = {
			isa = PBXProject;
			attributes = {
				BuildIndependentTargetsInParallel = 1;
				LastSwiftUpdateCheck = 1320;
				LastUpgradeCheck = 1320;
				TargetAttributes = {
					9C4C1B4927EA3243002540A0 = {
						CreatedOnToolsVersion = 13.2.1;
					};
				};
			};
			buildConfigurationList = 9C4C1B4527EA3243002540A0 /* Build configuration list for PBXProject "amazingtalker_paul" */;
			compatibilityVersion = "Xcode 13.0";
			developmentRegion = en;
			hasScannedForEncodings = 0;
			knownRegions = (
				en,
				Base,
			);
			mainGroup = 9C4C1B4127EA3243002540A0;
			productRefGroup = 9C4C1B4B27EA3243002540A0 /* Products */;
			projectDirPath = "";
			projectRoot = "";
			targets = (
				9C4C1B4927EA3243002540A0 /* amazingtalker_paul */,
			);
		};
/* End PBXProject section */

/* Begin PBXResourcesBuildPhase section */
		9C4C1B4827EA3243002540A0 /* Resources */ = {
			isa = PBXResourcesBuildPhase;
			buildActionMask = 2147483647;
			files = (
				9C4C1B5A27EA3246002540A0 /* LaunchScreen.storyboard in Resources */,
				9C4C1B5727EA3246002540A0 /* Assets.xcassets in Resources */,
				9C4C1B5527EA3243002540A0 /* Main.storyboard in Resources */,
				9C4C1B8527EA485E002540A0 /* CalendarTimeCell.xib in Resources */,
				9C4C1B6F27EA4019002540A0 /* CalendarContentCell.xib in Resources */,
				9C4C1B7527EA41DA002540A0 /* CalendarDayCell.xib in Resources */,
				9C4C1B6827EA3FBE002540A0 /* CalendarControlCell.xib in Resources */,
			);
			runOnlyForDeploymentPostprocessing = 0;
		};
/* End PBXResourcesBuildPhase section */

/* Begin PBXSourcesBuildPhase section */
		9C4C1B4627EA3243002540A0 /* Sources */ = {
			isa = PBXSourcesBuildPhase;
			buildActionMask = 2147483647;
			files = (
				9C4C1B7827EA43E9002540A0 /* CalendarViewController.swift in Sources */,
				9C4C1BB127EAD70B002540A0 /* RestManager.swift in Sources */,
				9C4C1BB327EAD70B002540A0 /* APIConfig.swift in Sources */,
				9C4C1BAB27EAD70B002540A0 /* FormatParameterEncoder.swift in Sources */,
				9C4C1BBB27EAEBE8002540A0 /* Ext+String.swift in Sources */,
				9C4C1BB227EAD70B002540A0 /* DemoEndPoint.swift in Sources */,
				9C4C1BAF27EAD70B002540A0 /* Ext+Codable.swift in Sources */,
				9C4C1B4E27EA3243002540A0 /* AppDelegate.swift in Sources */,
				9C4C1BB427EAD70B002540A0 /* NetworkRouter.swift in Sources */,
				9C4C1B6E27EA4019002540A0 /* CalendarContentCell.swift in Sources */,
				9C4C1BB027EAD70B002540A0 /* Network.swift in Sources */,
				9C4C1BBD27EAF52A002540A0 /* CalendarTimeViewModel.swift in Sources */,
				9C4C1B7D27EA456F002540A0 /* CollectionViewDataSource.swift in Sources */,
				9C4C1B8727EA4C4F002540A0 /* CalendarViewModel.swift in Sources */,
				9C4C1B8427EA485E002540A0 /* CalendarTimeCell.swift in Sources */,
				9C4C1BAC27EAD70B002540A0 /* ParameterEncoding.swift in Sources */,
				9C4C1BAD27EAD70B002540A0 /* URLParameterEncoder.swift in Sources */,
				9C4C1B5027EA3243002540A0 /* SceneDelegate.swift in Sources */,
				9C4C1BB827EAD70B002540A0 /* EndPointType.swift in Sources */,
				9C4C1B6727EA3FBE002540A0 /* CalendarControlCell.swift in Sources */,
				9C4C1B7B27EA451E002540A0 /* TableViewDataSource.swift in Sources */,
				9C4C1B8D27EAA9D3002540A0 /* CalendarDataManager.swift in Sources */,
				9C4C1B9027EACAA5002540A0 /* UICollectionViewLayout.swift in Sources */,
				9C4C1BB927EAD70B002540A0 /* SessionDelegate.swift in Sources */,
				9C4C1BB527EAD70B002540A0 /* HttpTask.swift in Sources */,
				9C4C1B8B27EA4D36002540A0 /* Ext+Date.swift in Sources */,
				9C4C1B9227EAD37C002540A0 /* Schedule.swift in Sources */,
				9C4C1BB627EAD70B002540A0 /* HTTPMethod.swift in Sources */,
				9C4C1BB727EAD70B002540A0 /* Router.swift in Sources */,
				9C4C1B7427EA41DA002540A0 /* CalendarDayCell.swift in Sources */,
				9C4C1B9427EAD4D8002540A0 /* TimeRange.swift in Sources */,
				9C4C1BAE27EAD70B002540A0 /* JSONParameterEncoder.swift in Sources */,
			);
			runOnlyForDeploymentPostprocessing = 0;
		};
/* End PBXSourcesBuildPhase section */

/* Begin PBXVariantGroup section */
		9C4C1B5327EA3243002540A0 /* Main.storyboard */ = {
			isa = PBXVariantGroup;
			children = (
				9C4C1B5427EA3243002540A0 /* Base */,
			);
			name = Main.storyboard;
			sourceTree = "<group>";
		};
		9C4C1B5827EA3246002540A0 /* LaunchScreen.storyboard */ = {
			isa = PBXVariantGroup;
			children = (
				9C4C1B5927EA3246002540A0 /* Base */,
			);
			name = LaunchScreen.storyboard;
			sourceTree = "<group>";
		};
/* End PBXVariantGroup section */

/* Begin XCBuildConfiguration section */
		9C4C1B5C27EA3246002540A0 /* Debug */ = {
			isa = XCBuildConfiguration;
			buildSettings = {
				ALWAYS_SEARCH_USER_PATHS = NO;
				CLANG_ANALYZER_NONNULL = YES;
				CLANG_ANALYZER_NUMBER_OBJECT_CONVERSION = YES_AGGRESSIVE;
				CLANG_CXX_LANGUAGE_STANDARD = "gnu++17";
				CLANG_CXX_LIBRARY = "libc++";
				CLANG_ENABLE_MODULES = YES;
				CLANG_ENABLE_OBJC_ARC = YES;
				CLANG_ENABLE_OBJC_WEAK = YES;
				CLANG_WARN_BLOCK_CAPTURE_AUTORELEASING = YES;
				CLANG_WARN_BOOL_CONVERSION = YES;
				CLANG_WARN_COMMA = YES;
				CLANG_WARN_CONSTANT_CONVERSION = YES;
				CLANG_WARN_DEPRECATED_OBJC_IMPLEMENTATIONS = YES;
				CLANG_WARN_DIRECT_OBJC_ISA_USAGE = YES_ERROR;
				CLANG_WARN_DOCUMENTATION_COMMENTS = YES;
				CLANG_WARN_EMPTY_BODY = YES;
				CLANG_WARN_ENUM_CONVERSION = YES;
				CLANG_WARN_INFINITE_RECURSION = YES;
				CLANG_WARN_INT_CONVERSION = YES;
				CLANG_WARN_NON_LITERAL_NULL_CONVERSION = YES;
				CLANG_WARN_OBJC_IMPLICIT_RETAIN_SELF = YES;
				CLANG_WARN_OBJC_LITERAL_CONVERSION = YES;
				CLANG_WARN_OBJC_ROOT_CLASS = YES_ERROR;
				CLANG_WARN_QUOTED_INCLUDE_IN_FRAMEWORK_HEADER = YES;
				CLANG_WARN_RANGE_LOOP_ANALYSIS = YES;
				CLANG_WARN_STRICT_PROTOTYPES = YES;
				CLANG_WARN_SUSPICIOUS_MOVE = YES;
				CLANG_WARN_UNGUARDED_AVAILABILITY = YES_AGGRESSIVE;
				CLANG_WARN_UNREACHABLE_CODE = YES;
				CLANG_WARN__DUPLICATE_METHOD_MATCH = YES;
				COPY_PHASE_STRIP = NO;
				DEBUG_INFORMATION_FORMAT = dwarf;
				ENABLE_STRICT_OBJC_MSGSEND = YES;
				ENABLE_TESTABILITY = YES;
				GCC_C_LANGUAGE_STANDARD = gnu11;
				GCC_DYNAMIC_NO_PIC = NO;
				GCC_NO_COMMON_BLOCKS = YES;
				GCC_OPTIMIZATION_LEVEL = 0;
				GCC_PREPROCESSOR_DEFINITIONS = (
					"DEBUG=1",
					"$(inherited)",
				);
				GCC_WARN_64_TO_32_BIT_CONVERSION = YES;
				GCC_WARN_ABOUT_RETURN_TYPE = YES_ERROR;
				GCC_WARN_UNDECLARED_SELECTOR = YES;
				GCC_WARN_UNINITIALIZED_AUTOS = YES_AGGRESSIVE;
				GCC_WARN_UNUSED_FUNCTION = YES;
				GCC_WARN_UNUSED_VARIABLE = YES;
				IPHONEOS_DEPLOYMENT_TARGET = 15.2;
				MTL_ENABLE_DEBUG_INFO = INCLUDE_SOURCE;
				MTL_FAST_MATH = YES;
				ONLY_ACTIVE_ARCH = YES;
				SDKROOT = iphoneos;
				SWIFT_ACTIVE_COMPILATION_CONDITIONS = DEBUG;
				SWIFT_OPTIMIZATION_LEVEL = "-Onone";
			};
			name = Debug;
		};
		9C4C1B5D27EA3246002540A0 /* Release */ = {
			isa = XCBuildConfiguration;
			buildSettings = {
				ALWAYS_SEARCH_USER_PATHS = NO;
				CLANG_ANALYZER_NONNULL = YES;
				CLANG_ANALYZER_NUMBER_OBJECT_CONVERSION = YES_AGGRESSIVE;
				CLANG_CXX_LANGUAGE_STANDARD = "gnu++17";
				CLANG_CXX_LIBRARY = "libc++";
				CLANG_ENABLE_MODULES = YES;
				CLANG_ENABLE_OBJC_ARC = YES;
				CLANG_ENABLE_OBJC_WEAK = YES;
				CLANG_WARN_BLOCK_CAPTURE_AUTORELEASING = YES;
				CLANG_WARN_BOOL_CONVERSION = YES;
				CLANG_WARN_COMMA = YES;
				CLANG_WARN_CONSTANT_CONVERSION = YES;
				CLANG_WARN_DEPRECATED_OBJC_IMPLEMENTATIONS = YES;
				CLANG_WARN_DIRECT_OBJC_ISA_USAGE = YES_ERROR;
				CLANG_WARN_DOCUMENTATION_COMMENTS = YES;
				CLANG_WARN_EMPTY_BODY = YES;
				CLANG_WARN_ENUM_CONVERSION = YES;
				CLANG_WARN_INFINITE_RECURSION = YES;
				CLANG_WARN_INT_CONVERSION = YES;
				CLANG_WARN_NON_LITERAL_NULL_CONVERSION = YES;
				CLANG_WARN_OBJC_IMPLICIT_RETAIN_SELF = YES;
				CLANG_WARN_OBJC_LITERAL_CONVERSION = YES;
				CLANG_WARN_OBJC_ROOT_CLASS = YES_ERROR;
				CLANG_WARN_QUOTED_INCLUDE_IN_FRAMEWORK_HEADER = YES;
				CLANG_WARN_RANGE_LOOP_ANALYSIS = YES;
				CLANG_WARN_STRICT_PROTOTYPES = YES;
				CLANG_WARN_SUSPICIOUS_MOVE = YES;
				CLANG_WARN_UNGUARDED_AVAILABILITY = YES_AGGRESSIVE;
				CLANG_WARN_UNREACHABLE_CODE = YES;
				CLANG_WARN__DUPLICATE_METHOD_MATCH = YES;
				COPY_PHASE_STRIP = NO;
				DEBUG_INFORMATION_FORMAT = "dwarf-with-dsym";
				ENABLE_NS_ASSERTIONS = NO;
				ENABLE_STRICT_OBJC_MSGSEND = YES;
				GCC_C_LANGUAGE_STANDARD = gnu11;
				GCC_NO_COMMON_BLOCKS = YES;
				GCC_WARN_64_TO_32_BIT_CONVERSION = YES;
				GCC_WARN_ABOUT_RETURN_TYPE = YES_ERROR;
				GCC_WARN_UNDECLARED_SELECTOR = YES;
				GCC_WARN_UNINITIALIZED_AUTOS = YES_AGGRESSIVE;
				GCC_WARN_UNUSED_FUNCTION = YES;
				GCC_WARN_UNUSED_VARIABLE = YES;
				IPHONEOS_DEPLOYMENT_TARGET = 15.2;
				MTL_ENABLE_DEBUG_INFO = NO;
				MTL_FAST_MATH = YES;
				SDKROOT = iphoneos;
				SWIFT_COMPILATION_MODE = wholemodule;
				SWIFT_OPTIMIZATION_LEVEL = "-O";
				VALIDATE_PRODUCT = YES;
			};
			name = Release;
		};
		9C4C1B5F27EA3246002540A0 /* Debug */ = {
			isa = XCBuildConfiguration;
			buildSettings = {
				ASSETCATALOG_COMPILER_APPICON_NAME = AppIcon;
				ASSETCATALOG_COMPILER_GLOBAL_ACCENT_COLOR_NAME = AccentColor;
				CODE_SIGN_STYLE = Automatic;
				CURRENT_PROJECT_VERSION = 1;
				DEVELOPMENT_TEAM = 5K2D8EVZ5V;
				GENERATE_INFOPLIST_FILE = YES;
				INFOPLIST_FILE = amazingtalker_paul/Info.plist;
				INFOPLIST_KEY_UIApplicationSupportsIndirectInputEvents = YES;
				INFOPLIST_KEY_UILaunchStoryboardName = LaunchScreen;
				INFOPLIST_KEY_UIMainStoryboardFile = Main;
				INFOPLIST_KEY_UISupportedInterfaceOrientations_iPad = "UIInterfaceOrientationPortrait UIInterfaceOrientationPortraitUpsideDown UIInterfaceOrientationLandscapeLeft UIInterfaceOrientationLandscapeRight";
				INFOPLIST_KEY_UISupportedInterfaceOrientations_iPhone = "UIInterfaceOrientationPortrait UIInterfaceOrientationLandscapeLeft UIInterfaceOrientationLandscapeRight";
				INFOPLIST_KEY_UIUserInterfaceStyle = Light;
				LD_RUNPATH_SEARCH_PATHS = (
					"$(inherited)",
					"@executable_path/Frameworks",
				);
				MARKETING_VERSION = 1.0;
				PRODUCT_BUNDLE_IDENTIFIER = "com.paullien.amazingtalker-paul";
				PRODUCT_NAME = "$(TARGET_NAME)";
				SWIFT_EMIT_LOC_STRINGS = YES;
				SWIFT_VERSION = 5.0;
				TARGETED_DEVICE_FAMILY = "1,2";
			};
			name = Debug;
		};
		9C4C1B6027EA3246002540A0 /* Release */ = {
			isa = XCBuildConfiguration;
			buildSettings = {
				ASSETCATALOG_COMPILER_APPICON_NAME = AppIcon;
				ASSETCATALOG_COMPILER_GLOBAL_ACCENT_COLOR_NAME = AccentColor;
				CODE_SIGN_STYLE = Automatic;
				CURRENT_PROJECT_VERSION = 1;
				DEVELOPMENT_TEAM = 5K2D8EVZ5V;
				GENERATE_INFOPLIST_FILE = YES;
				INFOPLIST_FILE = amazingtalker_paul/Info.plist;
				INFOPLIST_KEY_UIApplicationSupportsIndirectInputEvents = YES;
				INFOPLIST_KEY_UILaunchStoryboardName = LaunchScreen;
				INFOPLIST_KEY_UIMainStoryboardFile = Main;
				INFOPLIST_KEY_UISupportedInterfaceOrientations_iPad = "UIInterfaceOrientationPortrait UIInterfaceOrientationPortraitUpsideDown UIInterfaceOrientationLandscapeLeft UIInterfaceOrientationLandscapeRight";
				INFOPLIST_KEY_UISupportedInterfaceOrientations_iPhone = "UIInterfaceOrientationPortrait UIInterfaceOrientationLandscapeLeft UIInterfaceOrientationLandscapeRight";
				INFOPLIST_KEY_UIUserInterfaceStyle = Light;
				LD_RUNPATH_SEARCH_PATHS = (
					"$(inherited)",
					"@executable_path/Frameworks",
				);
				MARKETING_VERSION = 1.0;
				PRODUCT_BUNDLE_IDENTIFIER = "com.paullien.amazingtalker-paul";
				PRODUCT_NAME = "$(TARGET_NAME)";
				SWIFT_EMIT_LOC_STRINGS = YES;
				SWIFT_VERSION = 5.0;
				TARGETED_DEVICE_FAMILY = "1,2";
			};
			name = Release;
		};
/* End XCBuildConfiguration section */

/* Begin XCConfigurationList section */
		9C4C1B4527EA3243002540A0 /* Build configuration list for PBXProject "amazingtalker_paul" */ = {
			isa = XCConfigurationList;
			buildConfigurations = (
				9C4C1B5C27EA3246002540A0 /* Debug */,
				9C4C1B5D27EA3246002540A0 /* Release */,
			);
			defaultConfigurationIsVisible = 0;
			defaultConfigurationName = Release;
		};
		9C4C1B5E27EA3246002540A0 /* Build configuration list for PBXNativeTarget "amazingtalker_paul" */ = {
			isa = XCConfigurationList;
			buildConfigurations = (
				9C4C1B5F27EA3246002540A0 /* Debug */,
				9C4C1B6027EA3246002540A0 /* Release */,
			);
			defaultConfigurationIsVisible = 0;
			defaultConfigurationName = Release;
		};
/* End XCConfigurationList section */
	};
	rootObject = 9C4C1B4227EA3243002540A0 /* Project object */;
}
